{
  "nodes": {
    "disko": {
      "inputs": {
        "nixpkgs": [
          "nixpkgs"
        ]
      },
      "locked": {
        "lastModified": 1789770686,
        "narHash": "sha256-uZkBR7yHdIKUFB5SZdfgh1qkGfI3XmYmI/lTiquxbck=",
        "ref": "refs/heads/master",
        "rev": "725ea35e410ad83be4931d1bff7e090eacaf3563",
        "revCount": 1394,
        "type": "git",
        "url": "ssh://git@github.com/nix-community/disko"
      },
      "original": {
        "type": "git",
        "url": "ssh://git@github.com/nix-community/disko"
      }
    },
    "flake-parts": {
      "inputs": {
        "nixpkgs-lib": [
          "terranix",
          "nixpkgs"
        ]
      },
      "locked": {
        "lastModified": 1778716662,
        "narHash": "sha256-m1Yf0wZ8j1OHjTc2UwHwyQRSnNeSgLJOd7q5Y45hzi4=",
        "owner": "hercules-ci",
        "repo": "flake-parts",
        "rev": "f7c1a2d347e4c52d5fb8d10cb4d94b5884e546fb",
        "type": "github"
      },
      "original": {
        "owner": "hercules-ci",
        "repo": "flake-parts",
        "type": "github"
      }
    },
    "import-tree": {
      "locked": {
        "lastModified": 1784254960,
        "narHash": "sha256-iI88R3wHz8wTKQb5orvpc51L/Xr64AJyxid/0MKa/b8=",
        "owner": "vic",
        "repo": "import-tree",
        "rev": "4ebb10ae17d5f1ad366e7aef5b92cb8eecf24f69",
        "type": "github"
      },
      "original": {
        "owner": "vic",
        "repo": "import-tree",
        "type": "github"
      }
    },
    "nixpkgs": {
      "locked": {
        "lastModified": 1790920529,
        "narHash": "sha256-nQyFkMR78WP6PiXKkDW2SjqzLf/spQqjRuxRGSbcV8k=",
        "owner": "NixOS",
        "repo": "nixpkgs",
        "rev": "774debe7a0d1b496e35677ad955a1011c6ff74f3",
        "type": "github"
      },
      "original": {
        "owner": "NixOS",
        "ref": "nixos-26.05",
        "repo": "nixpkgs",
        "type": "github"
      }
    },
    "provisioner": {
      "inputs": {
        "nixpkgs": [
          "nixpkgs"
        ]
      },
      "locked": {
        "lastModified": 1791058196,
        "narHash": "sha256-TUqV9Acif0JPEnRELrk0jE7FRkAOMV9m5NPDme2L02Q=",
        "ref": "refs/heads/main",
        "rev": "7d28e109d2eed83b7ea7f8e9d62b5dd068381b33",
        "revCount": 32,
        "type": "git",
        "url": "ssh://git@github.com/tambysatya/secrets-provisioner"
      },
      "original": {
        "type": "git",
        "url": "ssh://git@github.com/tambysatya/secrets-provisioner"
      }
    },
    "root": {
      "inputs": {
        "disko": "disko",
        "nixpkgs": "nixpkgs",
        "provisioner": "provisioner",
        "sops-nix": "sops-nix",
        "terranix": "terranix"
      }
    },
    "sops-nix": {
      "inputs": {
        "nixpkgs": [
          "nixpkgs"
        ]
      },
      "locked": {
        "lastModified": 1790498116,
        "narHash": "sha256-rs9meAYxW3zzrh43yaW7htrqCD+X9+pupDPHN86fumI=",
        "ref": "refs/heads/master",
        "rev": "5efb5a6f4f5ab192817d28557dd4d650fa14d866",
        "revCount": 1248,
        "type": "git",
        "url": "ssh://git@github.com/Mic92/sops-nix"
      },
      "original": {
        "type": "git",
        "url": "ssh://git@github.com/Mic92/sops-nix"
      }
    },
    "systems": {
      "locked": {
        "lastModified": 1681028828,
        "narHash": "sha256-Vy1rq5AaRuLzOxct8nz4T6wlgyUR7zLU309k9mBC768=",
        "owner": "nix-systems",
        "repo": "default",
        "rev": "da67096a3b9bf56a91d16901293e51ba5b49a27e",
        "type": "github"
      },
      "original": {
        "owner": "nix-systems",
        "repo": "default",
        "type": "github"
      }
    },
    "terranix": {
      "inputs": {
        "flake-parts": "flake-parts",
        "import-tree": "import-tree",
        "nixpkgs": [
          "nixpkgs"
        ],
        "systems": "systems"
      },
      "locked": {
        "lastModified": 1790023441,
        "narHash": "sha256-9vmOUIearXFJbafvJjEd8yaQQV/dKN2J5t3rC92Hi+Y=",
        "ref": "refs/heads/main",
        "rev": "cb9dd00fe24f3f1323baaa19b5ee5fb514d37d77",
        "revCount": 490,
        "type": "git",
        "url": "ssh://git@github.com/terranix/terranix"
      },
      "original": {
        "type": "git",
        "url": "ssh://git@github.com/terranix/terranix"
      }
    }
  },
  "root": "root",
  "version": 7
}
